
Microsoft Visual Studio Solution File, Format Version 12.00
# Visual Studio Version 17
VisualStudioVersion = 17.10.35013.160
MinimumVisualStudioVersion = 10.0.40219.1
Project("{FAE04EC0-301F-11D3-BF4B-00C04F79EFBC}") = "RealEstate_Dapper_Api", "RealEstate_Dapper_Api\RealEstate_Dapper_Api.csproj", "{2B7E27CD-DCC1-4684-9354-18A97D72335F}"
EndProject
Project("{FAE04EC0-301F-11D3-BF4B-00C04F79EFBC}") = "RealEstate_Dapper_UI", "RealEstate_Dapper_UI\RealEstate_Dapper_UI.csproj", "{CA2DB362-1960-47D4-A3B9-7440BE06FA55}"
EndProject
Global
	GlobalSection(SolutionConfigurationPlatforms) = preSolution
		Debug|Any CPU = Debug|Any CPU
		Release|Any CPU = Release|Any CPU
	EndGlobalSection
	GlobalSection(ProjectConfigurationPlatforms) = postSolution
		{2B7E27CD-DCC1-4684-9354-18A97D72335F}.Debug|Any CPU.ActiveCfg = Debug|Any CPU
		{2B7E27CD-DCC1-4684-9354-18A97D72335F}.Debug|Any CPU.Build.0 = Debug|Any CPU
		{2B7E27CD-DCC1-4684-9354-18A97D72335F}.Release|Any CPU.ActiveCfg = Release|Any CPU
		{2B7E27CD-DCC1-4684-9354-18A97D72335F}.Release|Any CPU.Build.0 = Release|Any CPU
		{CA2DB362-1960-47D4-A3B9-7440BE06FA55}.Debug|Any CPU.ActiveCfg = Debug|Any CPU
		{CA2DB362-1960-47D4-A3B9-7440BE06FA55}.Debug|Any CPU.Build.0 = Debug|Any CPU
		{CA2DB362-1960-47D4-A3B9-7440BE06FA55}.Release|Any CPU.ActiveCfg = Release|Any CPU
		{CA2DB362-1960-47D4-A3B9-7440BE06FA55}.Release|Any CPU.Build.0 = Release|Any CPU
	EndGlobalSection
	GlobalSection(SolutionProperties) = preSolution
		HideSolutionNode = FALSE
	EndGlobalSection
	GlobalSection(ExtensibilityGlobals) = postSolution
		SolutionGuid = {5186FC01-6E5F-4000-BFDB-C511758CE33F}
	EndGlobalSection
EndGlobal
